uuid: ff87e35c-2d6b-4e56-bdc7-26ab497fbb16
langcode: en
status: true
dependencies:
  module:
    - simple_school_reports_extension_proxy
    - system
  theme:
    - ssr_base
id: studentgradestatisticsproxyblock
theme: ssr_base
region: content
weight: -7
provider: null
plugin: student_grade_statistics_proxy_block
settings:
  id: student_grade_statistics_proxy_block
  label: 'Student grade statistics proxy block'
  label_display: '0'
  provider: simple_school_reports_extension_proxy
visibility:
  request_path:
    id: request_path
    negate: false
    pages: '/user/*/grade-statistics'
